
Microsoft Visual Studio Solution File, Format Version 12.00
# Visual Studio Version 16
VisualStudioVersion = 16.0.33529.622
MinimumVisualStudioVersion = 10.0.40219.1
Project("{F184B08F-C81C-45F6-A57F-5ABD9991F28F}") = "lab_clinico", "lab_clinico\lab_clinico.vbproj", "{07072934-0323-4E98-9B75-E5067DB3AB86}"
EndProject
Global
	GlobalSection(SolutionConfigurationPlatforms) = preSolution
		Debug|Any CPU = Debug|Any CPU
		Release|Any CPU = Release|Any CPU
	EndGlobalSection
	GlobalSection(ProjectConfigurationPlatforms) = postSolution
		{07072934-0323-4E98-9B75-E5067DB3AB86}.Debug|Any CPU.ActiveCfg = Debug|Any CPU
		{07072934-0323-4E98-9B75-E5067DB3AB86}.Debug|Any CPU.Build.0 = Debug|Any CPU
		{07072934-0323-4E98-9B75-E5067DB3AB86}.Release|Any CPU.ActiveCfg = Release|Any CPU
		{07072934-0323-4E98-9B75-E5067DB3AB86}.Release|Any CPU.Build.0 = Release|Any CPU
	EndGlobalSection
	GlobalSection(SolutionProperties) = preSolution
		HideSolutionNode = FALSE
	EndGlobalSection
	GlobalSection(ExtensibilityGlobals) = postSolution
		SolutionGuid = {E1E0CF94-9852-45BA-8265-78EBEE193785}
	EndGlobalSection
EndGlobal
